
Microsoft Visual Studio Solution File, Format Version 12.00
# Visual Studio 15
VisualStudioVersion = 15.0.27703.2047
MinimumVisualStudioVersion = 10.0.40219.1
Project("{FAE04EC0-301F-11D3-BF4B-00C04F79EFBC}") = "畢業專題練習", "畢業專題練習\畢業專題練習.csproj", "{CCE34C4F-D694-47F1-96A3-AC0D55BE1312}"
EndProject
Project("{2150E333-8FDC-42A3-9474-1A3956D46DE8}") = "DB", "DB", "{85166C0C-85FA-4B31-852A-89933AA0B2AE}"
EndProject
Project("{00D1A9C2-B5F0-4AF3-8072-F6C62B433612}") = "OutSourece.DB", "DB\OutSourece.DB\OutSourece.DB.sqlproj", "{4000AD9A-DF3C-485C-8F88-FA0BCFBEA1FB}"
EndProject
Project("{FAE04EC0-301F-11D3-BF4B-00C04F79EFBC}") = "OutSource.EF", "DB\OutSource.EF\OutSource.EF.csproj", "{72880591-B879-4D83-9FAE-0DC357676CF9}"
EndProject
Project("{2150E333-8FDC-42A3-9474-1A3956D46DE8}") = "Test", "Test", "{9DB3F24D-B8A3-4319-9D3C-2478B6C04019}"
EndProject
Project("{FAE04EC0-301F-11D3-BF4B-00C04F79EFBC}") = "OutSource.UnitTest", "Test\OutSource.UnitTest\OutSource.UnitTest.csproj", "{538482AE-0F4F-4EFF-ADEA-787D8F1125E4}"
EndProject
Project("{2150E333-8FDC-42A3-9474-1A3956D46DE8}") = "DB_steven", "DB_steven", "{22DF98ED-A5DE-4B31-993E-494735127086}"
EndProject
Project("{00D1A9C2-B5F0-4AF3-8072-F6C62B433612}") = "OutSource_DB", "DB_steven\OutSource_DB\OutSource_DB.sqlproj", "{7B02C1B0-6972-492D-ACB7-CCE4E3A6F881}"
EndProject
Project("{FAE04EC0-301F-11D3-BF4B-00C04F79EFBC}") = "OutSource_EF", "DB_steven\OutSource_EF\OutSource_EF.csproj", "{96C9013C-8F3D-4F70-A6E0-2351EE9252D0}"
EndProject
Project("{FAE04EC0-301F-11D3-BF4B-00C04F79EFBC}") = "OutSource.EF", "DB_steven\OutSource.EF\OutSource.EF.csproj", "{4236BF2D-47B0-4914-9DCF-8F452FFB4AC1}"
EndProject
Project("{2150E333-8FDC-42A3-9474-1A3956D46DE8}") = "Test_Steven", "Test_Steven", "{3EDF3E8D-7F6B-463A-8F97-AC9DD6390CA5}"
EndProject
Project("{FAE04EC0-301F-11D3-BF4B-00C04F79EFBC}") = "OutSource.UnitTest", "Test_Steven\OutSource.UnitTest\OutSource.UnitTest.csproj", "{83963B26-B0D6-4F1C-8409-496A56B6C23A}"
EndProject
Global
	GlobalSection(SolutionConfigurationPlatforms) = preSolution
		Debug|Any CPU = Debug|Any CPU
		Release|Any CPU = Release|Any CPU
	EndGlobalSection
	GlobalSection(ProjectConfigurationPlatforms) = postSolution
		{CCE34C4F-D694-47F1-96A3-AC0D55BE1312}.Debug|Any CPU.ActiveCfg = Debug|Any CPU
		{CCE34C4F-D694-47F1-96A3-AC0D55BE1312}.Debug|Any CPU.Build.0 = Debug|Any CPU
		{CCE34C4F-D694-47F1-96A3-AC0D55BE1312}.Release|Any CPU.ActiveCfg = Release|Any CPU
		{CCE34C4F-D694-47F1-96A3-AC0D55BE1312}.Release|Any CPU.Build.0 = Release|Any CPU
		{4000AD9A-DF3C-485C-8F88-FA0BCFBEA1FB}.Debug|Any CPU.ActiveCfg = Debug|Any CPU
		{4000AD9A-DF3C-485C-8F88-FA0BCFBEA1FB}.Debug|Any CPU.Build.0 = Debug|Any CPU
		{4000AD9A-DF3C-485C-8F88-FA0BCFBEA1FB}.Debug|Any CPU.Deploy.0 = Debug|Any CPU
		{4000AD9A-DF3C-485C-8F88-FA0BCFBEA1FB}.Release|Any CPU.ActiveCfg = Release|Any CPU
		{4000AD9A-DF3C-485C-8F88-FA0BCFBEA1FB}.Release|Any CPU.Build.0 = Release|Any CPU
		{4000AD9A-DF3C-485C-8F88-FA0BCFBEA1FB}.Release|Any CPU.Deploy.0 = Release|Any CPU
		{72880591-B879-4D83-9FAE-0DC357676CF9}.Debug|Any CPU.ActiveCfg = Debug|Any CPU
		{72880591-B879-4D83-9FAE-0DC357676CF9}.Debug|Any CPU.Build.0 = Debug|Any CPU
		{72880591-B879-4D83-9FAE-0DC357676CF9}.Release|Any CPU.ActiveCfg = Release|Any CPU
		{72880591-B879-4D83-9FAE-0DC357676CF9}.Release|Any CPU.Build.0 = Release|Any CPU
		{538482AE-0F4F-4EFF-ADEA-787D8F1125E4}.Debug|Any CPU.ActiveCfg = Debug|Any CPU
		{538482AE-0F4F-4EFF-ADEA-787D8F1125E4}.Debug|Any CPU.Build.0 = Debug|Any CPU
		{538482AE-0F4F-4EFF-ADEA-787D8F1125E4}.Release|Any CPU.ActiveCfg = Release|Any CPU
		{538482AE-0F4F-4EFF-ADEA-787D8F1125E4}.Release|Any CPU.Build.0 = Release|Any CPU
		{7B02C1B0-6972-492D-ACB7-CCE4E3A6F881}.Debug|Any CPU.ActiveCfg = Debug|Any CPU
		{7B02C1B0-6972-492D-ACB7-CCE4E3A6F881}.Debug|Any CPU.Build.0 = Debug|Any CPU
		{7B02C1B0-6972-492D-ACB7-CCE4E3A6F881}.Debug|Any CPU.Deploy.0 = Debug|Any CPU
		{7B02C1B0-6972-492D-ACB7-CCE4E3A6F881}.Release|Any CPU.ActiveCfg = Release|Any CPU
		{7B02C1B0-6972-492D-ACB7-CCE4E3A6F881}.Release|Any CPU.Build.0 = Release|Any CPU
		{7B02C1B0-6972-492D-ACB7-CCE4E3A6F881}.Release|Any CPU.Deploy.0 = Release|Any CPU
		{96C9013C-8F3D-4F70-A6E0-2351EE9252D0}.Debug|Any CPU.ActiveCfg = Debug|Any CPU
		{96C9013C-8F3D-4F70-A6E0-2351EE9252D0}.Debug|Any CPU.Build.0 = Debug|Any CPU
		{96C9013C-8F3D-4F70-A6E0-2351EE9252D0}.Release|Any CPU.ActiveCfg = Release|Any CPU
		{96C9013C-8F3D-4F70-A6E0-2351EE9252D0}.Release|Any CPU.Build.0 = Release|Any CPU
		{4236BF2D-47B0-4914-9DCF-8F452FFB4AC1}.Debug|Any CPU.ActiveCfg = Debug|Any CPU
		{4236BF2D-47B0-4914-9DCF-8F452FFB4AC1}.Debug|Any CPU.Build.0 = Debug|Any CPU
		{4236BF2D-47B0-4914-9DCF-8F452FFB4AC1}.Release|Any CPU.ActiveCfg = Release|Any CPU
		{4236BF2D-47B0-4914-9DCF-8F452FFB4AC1}.Release|Any CPU.Build.0 = Release|Any CPU
		{83963B26-B0D6-4F1C-8409-496A56B6C23A}.Debug|Any CPU.ActiveCfg = Debug|Any CPU
		{83963B26-B0D6-4F1C-8409-496A56B6C23A}.Debug|Any CPU.Build.0 = Debug|Any CPU
		{83963B26-B0D6-4F1C-8409-496A56B6C23A}.Release|Any CPU.ActiveCfg = Release|Any CPU
		{83963B26-B0D6-4F1C-8409-496A56B6C23A}.Release|Any CPU.Build.0 = Release|Any CPU
	EndGlobalSection
	GlobalSection(SolutionProperties) = preSolution
		HideSolutionNode = FALSE
	EndGlobalSection
	GlobalSection(NestedProjects) = preSolution
		{4000AD9A-DF3C-485C-8F88-FA0BCFBEA1FB} = {85166C0C-85FA-4B31-852A-89933AA0B2AE}
		{72880591-B879-4D83-9FAE-0DC357676CF9} = {85166C0C-85FA-4B31-852A-89933AA0B2AE}
		{538482AE-0F4F-4EFF-ADEA-787D8F1125E4} = {9DB3F24D-B8A3-4319-9D3C-2478B6C04019}
		{7B02C1B0-6972-492D-ACB7-CCE4E3A6F881} = {22DF98ED-A5DE-4B31-993E-494735127086}
		{96C9013C-8F3D-4F70-A6E0-2351EE9252D0} = {22DF98ED-A5DE-4B31-993E-494735127086}
		{4236BF2D-47B0-4914-9DCF-8F452FFB4AC1} = {22DF98ED-A5DE-4B31-993E-494735127086}
		{83963B26-B0D6-4F1C-8409-496A56B6C23A} = {3EDF3E8D-7F6B-463A-8F97-AC9DD6390CA5}
	EndGlobalSection
	GlobalSection(ExtensibilityGlobals) = postSolution
		SolutionGuid = {19EF0B2E-7B19-40A0-8A3D-497C40B52515}
	EndGlobalSection
EndGlobal
