
Microsoft Visual Studio Solution File, Format Version 12.00
# Visual Studio 15
VisualStudioVersion = 15.0.27703.2047
MinimumVisualStudioVersion = 10.0.40219.1
Project("{FAE04EC0-301F-11D3-BF4B-00C04F79EFBC}") = "畢業專題練習", "畢業專題練習\畢業專題練習.csproj", "{CCE34C4F-D694-47F1-96A3-AC0D55BE1312}"
EndProject
Global
	GlobalSection(SolutionConfigurationPlatforms) = preSolution
		Debug|Any CPU = Debug|Any CPU
		Release|Any CPU = Release|Any CPU
	EndGlobalSection
	GlobalSection(ProjectConfigurationPlatforms) = postSolution
		{CCE34C4F-D694-47F1-96A3-AC0D55BE1312}.Debug|Any CPU.ActiveCfg = Debug|Any CPU
		{CCE34C4F-D694-47F1-96A3-AC0D55BE1312}.Debug|Any CPU.Build.0 = Debug|Any CPU
		{CCE34C4F-D694-47F1-96A3-AC0D55BE1312}.Release|Any CPU.ActiveCfg = Release|Any CPU
		{CCE34C4F-D694-47F1-96A3-AC0D55BE1312}.Release|Any CPU.Build.0 = Release|Any CPU
	EndGlobalSection
	GlobalSection(SolutionProperties) = preSolution
		HideSolutionNode = FALSE
	EndGlobalSection
	GlobalSection(ExtensibilityGlobals) = postSolution
		SolutionGuid = {19EF0B2E-7B19-40A0-8A3D-497C40B52515}
	EndGlobalSection
EndGlobal
